// !$*UTF8*$!
{
	archiveVersion = 1;
	classes = {
	};
	objectVersion = 56;
	objects = {

/* Begin PBXBuildFile section */
		E745F26F299FB75100053B43 /* RootView.swift in Sources */ = {isa = PBXBuildFile; fileRef = E745F26E299FB75100053B43 /* RootView.swift */; };
		E745F271299FB9BA00053B43 /* RootView+ViewModel.swift in Sources */ = {isa = PBXBuildFile; fileRef = E745F270299FB9BA00053B43 /* RootView+ViewModel.swift */; };
		E745F275299FC4FD00053B43 /* CreateRule.swift in Sources */ = {isa = PBXBuildFile; fileRef = E745F274299FC4FD00053B43 /* CreateRule.swift */; };
		E773ACDC299F909100B352E7 /* FileSelect+ViewModel.swift in Sources */ = {isa = PBXBuildFile; fileRef = E773ACDB299F909100B352E7 /* FileSelect+ViewModel.swift */; };
		E773ACDF299FA81800B352E7 /* FileInspect+ViewModel.swift in Sources */ = {isa = PBXBuildFile; fileRef = E773ACDE299FA81800B352E7 /* FileInspect+ViewModel.swift */; };
		E773ACE1299FA82B00B352E7 /* FileInspect.swift in Sources */ = {isa = PBXBuildFile; fileRef = E773ACE0299FA82B00B352E7 /* FileInspect.swift */; };
		E7948D65299F874800D1BD19 /* FinchApp.swift in Sources */ = {isa = PBXBuildFile; fileRef = E7948D64299F874800D1BD19 /* FinchApp.swift */; };
		E7948D67299F874800D1BD19 /* FileSelect.swift in Sources */ = {isa = PBXBuildFile; fileRef = E7948D66299F874800D1BD19 /* FileSelect.swift */; };
		E7948D69299F874900D1BD19 /* Assets.xcassets in Resources */ = {isa = PBXBuildFile; fileRef = E7948D68299F874900D1BD19 /* Assets.xcassets */; };
		E7948D6C299F874900D1BD19 /* Preview Assets.xcassets in Resources */ = {isa = PBXBuildFile; fileRef = E7948D6B299F874900D1BD19 /* Preview Assets.xcassets */; };
		E7D20413299F882C002472A5 /* Core in Frameworks */ = {isa = PBXBuildFile; productRef = E7D20412299F882C002472A5 /* Core */; };
/* End PBXBuildFile section */

/* Begin PBXFileReference section */
		60F1915B299FA53B00A38C89 /* Info.plist */ = {isa = PBXFileReference; lastKnownFileType = text.plist; path = Info.plist; sourceTree = "<group>"; };
		E745F26E299FB75100053B43 /* RootView.swift */ = {isa = PBXFileReference; lastKnownFileType = sourcecode.swift; path = RootView.swift; sourceTree = "<group>"; };
		E745F270299FB9BA00053B43 /* RootView+ViewModel.swift */ = {isa = PBXFileReference; lastKnownFileType = sourcecode.swift; path = "RootView+ViewModel.swift"; sourceTree = "<group>"; };
		E745F274299FC4FD00053B43 /* CreateRule.swift */ = {isa = PBXFileReference; lastKnownFileType = sourcecode.swift; path = CreateRule.swift; sourceTree = "<group>"; };
		E773ACDB299F909100B352E7 /* FileSelect+ViewModel.swift */ = {isa = PBXFileReference; lastKnownFileType = sourcecode.swift; path = "FileSelect+ViewModel.swift"; sourceTree = "<group>"; };
		E773ACDE299FA81800B352E7 /* FileInspect+ViewModel.swift */ = {isa = PBXFileReference; lastKnownFileType = sourcecode.swift; path = "FileInspect+ViewModel.swift"; sourceTree = "<group>"; };
		E773ACE0299FA82B00B352E7 /* FileInspect.swift */ = {isa = PBXFileReference; lastKnownFileType = sourcecode.swift; path = FileInspect.swift; sourceTree = "<group>"; };
		E7948D61299F874800D1BD19 /* Finch.app */ = {isa = PBXFileReference; explicitFileType = wrapper.application; includeInIndex = 0; path = Finch.app; sourceTree = BUILT_PRODUCTS_DIR; };
		E7948D64299F874800D1BD19 /* FinchApp.swift */ = {isa = PBXFileReference; lastKnownFileType = sourcecode.swift; path = FinchApp.swift; sourceTree = "<group>"; };
		E7948D66299F874800D1BD19 /* FileSelect.swift */ = {isa = PBXFileReference; lastKnownFileType = sourcecode.swift; path = FileSelect.swift; sourceTree = "<group>"; };
		E7948D68299F874900D1BD19 /* Assets.xcassets */ = {isa = PBXFileReference; lastKnownFileType = folder.assetcatalog; path = Assets.xcassets; sourceTree = "<group>"; };
		E7948D6B299F874900D1BD19 /* Preview Assets.xcassets */ = {isa = PBXFileReference; lastKnownFileType = folder.assetcatalog; path = "Preview Assets.xcassets"; sourceTree = "<group>"; };
		E7D20410299F8820002472A5 /* Core */ = {isa = PBXFileReference; lastKnownFileType = wrapper; name = Core; path = Finch/Core; sourceTree = "<group>"; };
/* End PBXFileReference section */

/* Begin PBXFrameworksBuildPhase section */
		E7948D5E299F874800D1BD19 /* Frameworks */ = {
			isa = PBXFrameworksBuildPhase;
			buildActionMask = 2147483647;
			files = (
				E7D20413299F882C002472A5 /* Core in Frameworks */,
			);
			runOnlyForDeploymentPostprocessing = 0;
		};
/* End PBXFrameworksBuildPhase section */

/* Begin PBXGroup section */
		E745F272299FB9BE00053B43 /* RootView */ = {
			isa = PBXGroup;
			children = (
				E745F26E299FB75100053B43 /* RootView.swift */,
				E745F270299FB9BA00053B43 /* RootView+ViewModel.swift */,
			);
			path = RootView;
			sourceTree = "<group>";
		};
		E745F273299FC4C300053B43 /* Rule */ = {
			isa = PBXGroup;
			children = (
				E745F274299FC4FD00053B43 /* CreateRule.swift */,
			);
			path = Rule;
			sourceTree = "<group>";
		};
		E773ACDD299FA80F00B352E7 /* Inspector */ = {
			isa = PBXGroup;
			children = (
				E773ACDE299FA81800B352E7 /* FileInspect+ViewModel.swift */,
				E773ACE0299FA82B00B352E7 /* FileInspect.swift */,
			);
			path = Inspector;
			sourceTree = "<group>";
		};
		E7948D58299F874800D1BD19 = {
			isa = PBXGroup;
			children = (
				E7D20410299F8820002472A5 /* Core */,
				E7948D63299F874800D1BD19 /* Finch */,
				E7948D62299F874800D1BD19 /* Products */,
				E7D20411299F882C002472A5 /* Frameworks */,
			);
			sourceTree = "<group>";
		};
		E7948D62299F874800D1BD19 /* Products */ = {
			isa = PBXGroup;
			children = (
				E7948D61299F874800D1BD19 /* Finch.app */,
			);
			name = Products;
			sourceTree = "<group>";
		};
		E7948D63299F874800D1BD19 /* Finch */ = {
			isa = PBXGroup;
			children = (
				E745F273299FC4C300053B43 /* Rule */,
				60F1915B299FA53B00A38C89 /* Info.plist */,
				E773ACDD299FA80F00B352E7 /* Inspector */,
				E7948D64299F874800D1BD19 /* FinchApp.swift */,
				E7948D66299F874800D1BD19 /* FileSelect.swift */,
				E773ACDB299F909100B352E7 /* FileSelect+ViewModel.swift */,
				E7948D68299F874900D1BD19 /* Assets.xcassets */,
				E7948D6A299F874900D1BD19 /* Preview Content */,
				E745F272299FB9BE00053B43 /* RootView */,
			);
			path = Finch;
			sourceTree = "<group>";
		};
		E7948D6A299F874900D1BD19 /* Preview Content */ = {
			isa = PBXGroup;
			children = (
				E7948D6B299F874900D1BD19 /* Preview Assets.xcassets */,
			);
			path = "Preview Content";
			sourceTree = "<group>";
		};
		E7D20411299F882C002472A5 /* Frameworks */ = {
			isa = PBXGroup;
			children = (
			);
			name = Frameworks;
			sourceTree = "<group>";
		};
/* End PBXGroup section */

/* Begin PBXNativeTarget section */
		E7948D60299F874800D1BD19 /* Finch */ = {
			isa = PBXNativeTarget;
			buildConfigurationList = E7948D6F299F874900D1BD19 /* Build configuration list for PBXNativeTarget "Finch" */;
			buildPhases = (
				E7948D5D299F874800D1BD19 /* Sources */,
				E7948D5E299F874800D1BD19 /* Frameworks */,
				E7948D5F299F874800D1BD19 /* Resources */,
			);
			buildRules = (
			);
			dependencies = (
			);
			name = Finch;
			packageProductDependencies = (
				E7D20412299F882C002472A5 /* Core */,
			);
			productName = Finch;
			productReference = E7948D61299F874800D1BD19 /* Finch.app */;
			productType = "com.apple.product-type.application";
		};
/* End PBXNativeTarget section */

/* Begin PBXProject section */
		E7948D59299F874800D1BD19 /* Project object */ = {
			isa = PBXProject;
			attributes = {
				BuildIndependentTargetsInParallel = 1;
				LastSwiftUpdateCheck = 1410;
				LastUpgradeCheck = 1410;
				TargetAttributes = {
					E7948D60299F874800D1BD19 = {
						CreatedOnToolsVersion = 14.1;
					};
				};
			};
			buildConfigurationList = E7948D5C299F874800D1BD19 /* Build configuration list for PBXProject "Finch" */;
			compatibilityVersion = "Xcode 14.0";
			developmentRegion = en;
			hasScannedForEncodings = 0;
			knownRegions = (
				en,
				Base,
			);
			mainGroup = E7948D58299F874800D1BD19;
			productRefGroup = E7948D62299F874800D1BD19 /* Products */;
			projectDirPath = "";
			projectRoot = "";
			targets = (
				E7948D60299F874800D1BD19 /* Finch */,
			);
		};
/* End PBXProject section */

/* Begin PBXResourcesBuildPhase section */
		E7948D5F299F874800D1BD19 /* Resources */ = {
			isa = PBXResourcesBuildPhase;
			buildActionMask = 2147483647;
			files = (
				E7948D6C299F874900D1BD19 /* Preview Assets.xcassets in Resources */,
				E7948D69299F874900D1BD19 /* Assets.xcassets in Resources */,
			);
			runOnlyForDeploymentPostprocessing = 0;
		};
/* End PBXResourcesBuildPhase section */

/* Begin PBXSourcesBuildPhase section */
		E7948D5D299F874800D1BD19 /* Sources */ = {
			isa = PBXSourcesBuildPhase;
			buildActionMask = 2147483647;
			files = (
				E773ACE1299FA82B00B352E7 /* FileInspect.swift in Sources */,
				E7948D67299F874800D1BD19 /* FileSelect.swift in Sources */,
				E745F26F299FB75100053B43 /* RootView.swift in Sources */,
				E773ACDC299F909100B352E7 /* FileSelect+ViewModel.swift in Sources */,
				E773ACDF299FA81800B352E7 /* FileInspect+ViewModel.swift in Sources */,
				E745F271299FB9BA00053B43 /* RootView+ViewModel.swift in Sources */,
				E7948D65299F874800D1BD19 /* FinchApp.swift in Sources */,
				E745F275299FC4FD00053B43 /* CreateRule.swift in Sources */,
			);
			runOnlyForDeploymentPostprocessing = 0;
		};
/* End PBXSourcesBuildPhase section */

/* Begin XCBuildConfiguration section */
		E7948D6D299F874900D1BD19 /* Debug */ = {
			isa = XCBuildConfiguration;
			buildSettings = {
				ALWAYS_SEARCH_USER_PATHS = NO;
				CLANG_ANALYZER_NONNULL = YES;
				CLANG_ANALYZER_NUMBER_OBJECT_CONVERSION = YES_AGGRESSIVE;
				CLANG_CXX_LANGUAGE_STANDARD = "gnu++20";
				CLANG_ENABLE_MODULES = YES;
				CLANG_ENABLE_OBJC_ARC = YES;
				CLANG_ENABLE_OBJC_WEAK = YES;
				CLANG_WARN_BLOCK_CAPTURE_AUTORELEASING = YES;
				CLANG_WARN_BOOL_CONVERSION = YES;
				CLANG_WARN_COMMA = YES;
				CLANG_WARN_CONSTANT_CONVERSION = YES;
				CLANG_WARN_DEPRECATED_OBJC_IMPLEMENTATIONS = YES;
				CLANG_WARN_DIRECT_OBJC_ISA_USAGE = YES_ERROR;
				CLANG_WARN_DOCUMENTATION_COMMENTS = YES;
				CLANG_WARN_EMPTY_BODY = YES;
				CLANG_WARN_ENUM_CONVERSION = YES;
				CLANG_WARN_INFINITE_RECURSION = YES;
				CLANG_WARN_INT_CONVERSION = YES;
				CLANG_WARN_NON_LITERAL_NULL_CONVERSION = YES;
				CLANG_WARN_OBJC_IMPLICIT_RETAIN_SELF = YES;
				CLANG_WARN_OBJC_LITERAL_CONVERSION = YES;
				CLANG_WARN_OBJC_ROOT_CLASS = YES_ERROR;
				CLANG_WARN_QUOTED_INCLUDE_IN_FRAMEWORK_HEADER = YES;
				CLANG_WARN_RANGE_LOOP_ANALYSIS = YES;
				CLANG_WARN_STRICT_PROTOTYPES = YES;
				CLANG_WARN_SUSPICIOUS_MOVE = YES;
				CLANG_WARN_UNGUARDED_AVAILABILITY = YES_AGGRESSIVE;
				CLANG_WARN_UNREACHABLE_CODE = YES;
				CLANG_WARN__DUPLICATE_METHOD_MATCH = YES;
				COPY_PHASE_STRIP = NO;
				DEBUG_INFORMATION_FORMAT = dwarf;
				ENABLE_STRICT_OBJC_MSGSEND = YES;
				ENABLE_TESTABILITY = YES;
				GCC_C_LANGUAGE_STANDARD = gnu11;
				GCC_DYNAMIC_NO_PIC = NO;
				GCC_NO_COMMON_BLOCKS = YES;
				GCC_OPTIMIZATION_LEVEL = 0;
				GCC_PREPROCESSOR_DEFINITIONS = (
					"DEBUG=1",
					"$(inherited)",
				);
				GCC_WARN_64_TO_32_BIT_CONVERSION = YES;
				GCC_WARN_ABOUT_RETURN_TYPE = YES_ERROR;
				GCC_WARN_UNDECLARED_SELECTOR = YES;
				GCC_WARN_UNINITIALIZED_AUTOS = YES_AGGRESSIVE;
				GCC_WARN_UNUSED_FUNCTION = YES;
				GCC_WARN_UNUSED_VARIABLE = YES;
				IPHONEOS_DEPLOYMENT_TARGET = 16.1;
				MTL_ENABLE_DEBUG_INFO = INCLUDE_SOURCE;
				MTL_FAST_MATH = YES;
				ONLY_ACTIVE_ARCH = YES;
				SDKROOT = iphoneos;
				SWIFT_ACTIVE_COMPILATION_CONDITIONS = DEBUG;
				SWIFT_OPTIMIZATION_LEVEL = "-Onone";
			};
			name = Debug;
		};
		E7948D6E299F874900D1BD19 /* Release */ = {
			isa = XCBuildConfiguration;
			buildSettings = {
				ALWAYS_SEARCH_USER_PATHS = NO;
				CLANG_ANALYZER_NONNULL = YES;
				CLANG_ANALYZER_NUMBER_OBJECT_CONVERSION = YES_AGGRESSIVE;
				CLANG_CXX_LANGUAGE_STANDARD = "gnu++20";
				CLANG_ENABLE_MODULES = YES;
				CLANG_ENABLE_OBJC_ARC = YES;
				CLANG_ENABLE_OBJC_WEAK = YES;
				CLANG_WARN_BLOCK_CAPTURE_AUTORELEASING = YES;
				CLANG_WARN_BOOL_CONVERSION = YES;
				CLANG_WARN_COMMA = YES;
				CLANG_WARN_CONSTANT_CONVERSION = YES;
				CLANG_WARN_DEPRECATED_OBJC_IMPLEMENTATIONS = YES;
				CLANG_WARN_DIRECT_OBJC_ISA_USAGE = YES_ERROR;
				CLANG_WARN_DOCUMENTATION_COMMENTS = YES;
				CLANG_WARN_EMPTY_BODY = YES;
				CLANG_WARN_ENUM_CONVERSION = YES;
				CLANG_WARN_INFINITE_RECURSION = YES;
				CLANG_WARN_INT_CONVERSION = YES;
				CLANG_WARN_NON_LITERAL_NULL_CONVERSION = YES;
				CLANG_WARN_OBJC_IMPLICIT_RETAIN_SELF = YES;
				CLANG_WARN_OBJC_LITERAL_CONVERSION = YES;
				CLANG_WARN_OBJC_ROOT_CLASS = YES_ERROR;
				CLANG_WARN_QUOTED_INCLUDE_IN_FRAMEWORK_HEADER = YES;
				CLANG_WARN_RANGE_LOOP_ANALYSIS = YES;
				CLANG_WARN_STRICT_PROTOTYPES = YES;
				CLANG_WARN_SUSPICIOUS_MOVE = YES;
				CLANG_WARN_UNGUARDED_AVAILABILITY = YES_AGGRESSIVE;
				CLANG_WARN_UNREACHABLE_CODE = YES;
				CLANG_WARN__DUPLICATE_METHOD_MATCH = YES;
				COPY_PHASE_STRIP = NO;
				DEBUG_INFORMATION_FORMAT = "dwarf-with-dsym";
				ENABLE_NS_ASSERTIONS = NO;
				ENABLE_STRICT_OBJC_MSGSEND = YES;
				GCC_C_LANGUAGE_STANDARD = gnu11;
				GCC_NO_COMMON_BLOCKS = YES;
				GCC_WARN_64_TO_32_BIT_CONVERSION = YES;
				GCC_WARN_ABOUT_RETURN_TYPE = YES_ERROR;
				GCC_WARN_UNDECLARED_SELECTOR = YES;
				GCC_WARN_UNINITIALIZED_AUTOS = YES_AGGRESSIVE;
				GCC_WARN_UNUSED_FUNCTION = YES;
				GCC_WARN_UNUSED_VARIABLE = YES;
				IPHONEOS_DEPLOYMENT_TARGET = 16.1;
				MTL_ENABLE_DEBUG_INFO = NO;
				MTL_FAST_MATH = YES;
				SDKROOT = iphoneos;
				SWIFT_COMPILATION_MODE = wholemodule;
				SWIFT_OPTIMIZATION_LEVEL = "-O";
				VALIDATE_PRODUCT = YES;
			};
			name = Release;
		};
		E7948D70299F874900D1BD19 /* Debug */ = {
			isa = XCBuildConfiguration;
			buildSettings = {
				ASSETCATALOG_COMPILER_APPICON_NAME = AppIcon;
				ASSETCATALOG_COMPILER_GLOBAL_ACCENT_COLOR_NAME = AccentColor;
				CODE_SIGN_STYLE = Automatic;
				CURRENT_PROJECT_VERSION = 1;
				DEVELOPMENT_ASSET_PATHS = "\"Finch/Preview Content\"";
				DEVELOPMENT_TEAM = 45V7YBK65N;
				ENABLE_PREVIEWS = YES;
				GENERATE_INFOPLIST_FILE = YES;
				INFOPLIST_FILE = Finch/Info.plist;
				INFOPLIST_KEY_UIApplicationSceneManifest_Generation = YES;
				INFOPLIST_KEY_UIApplicationSupportsIndirectInputEvents = YES;
				INFOPLIST_KEY_UILaunchScreen_Generation = YES;
				INFOPLIST_KEY_UISupportedInterfaceOrientations_iPad = "UIInterfaceOrientationPortrait UIInterfaceOrientationPortraitUpsideDown UIInterfaceOrientationLandscapeLeft UIInterfaceOrientationLandscapeRight";
				INFOPLIST_KEY_UISupportedInterfaceOrientations_iPhone = "UIInterfaceOrientationPortrait UIInterfaceOrientationLandscapeLeft UIInterfaceOrientationLandscapeRight";
				LD_RUNPATH_SEARCH_PATHS = (
					"$(inherited)",
					"@executable_path/Frameworks",
				);
				MARKETING_VERSION = 1.0;
				PRODUCT_BUNDLE_IDENTIFIER = dev.skwoergisn.Finch;
				PRODUCT_NAME = "$(TARGET_NAME)";
				SUPPORTED_PLATFORMS = macosx;
				SUPPORTS_MACCATALYST = NO;
				SUPPORTS_MAC_DESIGNED_FOR_IPHONE_IPAD = NO;
				SWIFT_EMIT_LOC_STRINGS = YES;
				SWIFT_VERSION = 5.0;
			};
			name = Debug;
		};
		E7948D71299F874900D1BD19 /* Release */ = {
			isa = XCBuildConfiguration;
			buildSettings = {
				ASSETCATALOG_COMPILER_APPICON_NAME = AppIcon;
				ASSETCATALOG_COMPILER_GLOBAL_ACCENT_COLOR_NAME = AccentColor;
				CODE_SIGN_STYLE = Automatic;
				CURRENT_PROJECT_VERSION = 1;
				DEVELOPMENT_ASSET_PATHS = "\"Finch/Preview Content\"";
				DEVELOPMENT_TEAM = 45V7YBK65N;
				ENABLE_PREVIEWS = YES;
				GENERATE_INFOPLIST_FILE = YES;
				INFOPLIST_FILE = Finch/Info.plist;
				INFOPLIST_KEY_UIApplicationSceneManifest_Generation = YES;
				INFOPLIST_KEY_UIApplicationSupportsIndirectInputEvents = YES;
				INFOPLIST_KEY_UILaunchScreen_Generation = YES;
				INFOPLIST_KEY_UISupportedInterfaceOrientations_iPad = "UIInterfaceOrientationPortrait UIInterfaceOrientationPortraitUpsideDown UIInterfaceOrientationLandscapeLeft UIInterfaceOrientationLandscapeRight";
				INFOPLIST_KEY_UISupportedInterfaceOrientations_iPhone = "UIInterfaceOrientationPortrait UIInterfaceOrientationLandscapeLeft UIInterfaceOrientationLandscapeRight";
				LD_RUNPATH_SEARCH_PATHS = (
					"$(inherited)",
					"@executable_path/Frameworks",
				);
				MARKETING_VERSION = 1.0;
				PRODUCT_BUNDLE_IDENTIFIER = dev.skwoergisn.Finch;
				PRODUCT_NAME = "$(TARGET_NAME)";
				SUPPORTED_PLATFORMS = macosx;
				SUPPORTS_MACCATALYST = NO;
				SUPPORTS_MAC_DESIGNED_FOR_IPHONE_IPAD = NO;
				SWIFT_EMIT_LOC_STRINGS = YES;
				SWIFT_VERSION = 5.0;
			};
			name = Release;
		};
/* End XCBuildConfiguration section */

/* Begin XCConfigurationList section */
		E7948D5C299F874800D1BD19 /* Build configuration list for PBXProject "Finch" */ = {
			isa = XCConfigurationList;
			buildConfigurations = (
				E7948D6D299F874900D1BD19 /* Debug */,
				E7948D6E299F874900D1BD19 /* Release */,
			);
			defaultConfigurationIsVisible = 0;
			defaultConfigurationName = Release;
		};
		E7948D6F299F874900D1BD19 /* Build configuration list for PBXNativeTarget "Finch" */ = {
			isa = XCConfigurationList;
			buildConfigurations = (
				E7948D70299F874900D1BD19 /* Debug */,
				E7948D71299F874900D1BD19 /* Release */,
			);
			defaultConfigurationIsVisible = 0;
			defaultConfigurationName = Release;
		};
/* End XCConfigurationList section */

/* Begin XCSwiftPackageProductDependency section */
		E7D20412299F882C002472A5 /* Core */ = {
			isa = XCSwiftPackageProductDependency;
			productName = Core;
		};
/* End XCSwiftPackageProductDependency section */
	};
	rootObject = E7948D59299F874800D1BD19 /* Project object */;
}
